
Microsoft Visual Studio Solution File, Format Version 12.00
# Visual Studio Version 16
VisualStudioVersion = 16.0.29215.179
MinimumVisualStudioVersion = 10.0.40219.1
Project("{FAE04EC0-301F-11D3-BF4B-00C04F79EFBC}") = "Love", "Love\Love.csproj", "{610C9693-175B-472B-A595-5B21FF311ABB}"
EndProject
Global
	GlobalSection(SolutionConfigurationPlatforms) = preSolution
		Debug|Any CPU = Debug|Any CPU
		Release|Any CPU = Release|Any CPU
	EndGlobalSection
	GlobalSection(ProjectConfigurationPlatforms) = postSolution
		{610C9693-175B-472B-A595-5B21FF311ABB}.Debug|Any CPU.ActiveCfg = Debug|Any CPU
		{610C9693-175B-472B-A595-5B21FF311ABB}.Debug|Any CPU.Build.0 = Debug|Any CPU
		{610C9693-175B-472B-A595-5B21FF311ABB}.Release|Any CPU.ActiveCfg = Release|Any CPU
		{610C9693-175B-472B-A595-5B21FF311ABB}.Release|Any CPU.Build.0 = Release|Any CPU
	EndGlobalSection
	GlobalSection(SolutionProperties) = preSolution
		HideSolutionNode = FALSE
	EndGlobalSection
	GlobalSection(ExtensibilityGlobals) = postSolution
		SolutionGuid = {1F87B31D-393D-479D-9ECA-FDD06CB9ACEC}
	EndGlobalSection
EndGlobal
