
Microsoft Visual Studio Solution File, Format Version 12.00
# Visual Studio Version 16
VisualStudioVersion = 16.0.29215.179
MinimumVisualStudioVersion = 10.0.40219.1
Project("{FAE04EC0-301F-11D3-BF4B-00C04F79EFBC}") = "Yeet", "Yeet\Yeet.csproj", "{7ADF36E8-B91B-4DE8-BB27-E5CDC5B2B6A2}"
EndProject
Project("{FAE04EC0-301F-11D3-BF4B-00C04F79EFBC}") = "2", "2\2.csproj", "{429994BE-6C8E-4949-8158-BF9238A41337}"
EndProject
Global
	GlobalSection(SolutionConfigurationPlatforms) = preSolution
		Debug|Any CPU = Debug|Any CPU
		Release|Any CPU = Release|Any CPU
	EndGlobalSection
	GlobalSection(ProjectConfigurationPlatforms) = postSolution
		{7ADF36E8-B91B-4DE8-BB27-E5CDC5B2B6A2}.Debug|Any CPU.ActiveCfg = Debug|Any CPU
		{7ADF36E8-B91B-4DE8-BB27-E5CDC5B2B6A2}.Debug|Any CPU.Build.0 = Debug|Any CPU
		{7ADF36E8-B91B-4DE8-BB27-E5CDC5B2B6A2}.Release|Any CPU.ActiveCfg = Release|Any CPU
		{7ADF36E8-B91B-4DE8-BB27-E5CDC5B2B6A2}.Release|Any CPU.Build.0 = Release|Any CPU
		{429994BE-6C8E-4949-8158-BF9238A41337}.Debug|Any CPU.ActiveCfg = Debug|Any CPU
		{429994BE-6C8E-4949-8158-BF9238A41337}.Debug|Any CPU.Build.0 = Debug|Any CPU
		{429994BE-6C8E-4949-8158-BF9238A41337}.Release|Any CPU.ActiveCfg = Release|Any CPU
		{429994BE-6C8E-4949-8158-BF9238A41337}.Release|Any CPU.Build.0 = Release|Any CPU
	EndGlobalSection
	GlobalSection(SolutionProperties) = preSolution
		HideSolutionNode = FALSE
	EndGlobalSection
	GlobalSection(ExtensibilityGlobals) = postSolution
		SolutionGuid = {E6E7828F-AE6F-4FB7-95C8-E60A003CCA11}
	EndGlobalSection
EndGlobal
