
Microsoft Visual Studio Solution File, Format Version 12.00
# Visual Studio Version 16
VisualStudioVersion = 16.0.29215.179
MinimumVisualStudioVersion = 10.0.40219.1
Project("{FAE04EC0-301F-11D3-BF4B-00C04F79EFBC}") = "slutprojekt", "slutprojekt\slutprojekt.csproj", "{BBC5D8DD-63D8-4C74-9FB3-D0EA754D36FE}"
EndProject
Global
	GlobalSection(SolutionConfigurationPlatforms) = preSolution
		Debug|Any CPU = Debug|Any CPU
		Release|Any CPU = Release|Any CPU
	EndGlobalSection
	GlobalSection(ProjectConfigurationPlatforms) = postSolution
		{BBC5D8DD-63D8-4C74-9FB3-D0EA754D36FE}.Debug|Any CPU.ActiveCfg = Debug|Any CPU
		{BBC5D8DD-63D8-4C74-9FB3-D0EA754D36FE}.Debug|Any CPU.Build.0 = Debug|Any CPU
		{BBC5D8DD-63D8-4C74-9FB3-D0EA754D36FE}.Release|Any CPU.ActiveCfg = Release|Any CPU
		{BBC5D8DD-63D8-4C74-9FB3-D0EA754D36FE}.Release|Any CPU.Build.0 = Release|Any CPU
	EndGlobalSection
	GlobalSection(SolutionProperties) = preSolution
		HideSolutionNode = FALSE
	EndGlobalSection
	GlobalSection(ExtensibilityGlobals) = postSolution
		SolutionGuid = {90F23995-E12C-4B71-B5E6-060C69C8C0C2}
	EndGlobalSection
EndGlobal
